// !$*UTF8*$!
{
	archiveVersion = 1;
	classes = {
	};
	objectVersion = 51;
	objects = {

/* Begin PBXBuildFile section */
		B526DEA123CD8C6F00BF8E91 /* PrepareViewController.swift in Sources */ = {isa = PBXBuildFile; fileRef = B526DEA023CD8C6F00BF8E91 /* PrepareViewController.swift */; };
		B526DEA323CDA25800BF8E91 /* Paint2ViewController.swift in Sources */ = {isa = PBXBuildFile; fileRef = B526DEA223CDA25800BF8E91 /* Paint2ViewController.swift */; };
		B526DEA523CDA26B00BF8E91 /* Paint3ViewController.swift in Sources */ = {isa = PBXBuildFile; fileRef = B526DEA423CDA26B00BF8E91 /* Paint3ViewController.swift */; };
		B526DEA723CDA28000BF8E91 /* Paint4ViewController.swift in Sources */ = {isa = PBXBuildFile; fileRef = B526DEA623CDA28000BF8E91 /* Paint4ViewController.swift */; };
		B5E33DF023B8F57600DA78B8 /* AppDelegate.swift in Sources */ = {isa = PBXBuildFile; fileRef = B5E33DEF23B8F57600DA78B8 /* AppDelegate.swift */; };
		B5E33DF223B8F57600DA78B8 /* SceneDelegate.swift in Sources */ = {isa = PBXBuildFile; fileRef = B5E33DF123B8F57600DA78B8 /* SceneDelegate.swift */; };
		B5E33DF723B8F57600DA78B8 /* Main.storyboard in Resources */ = {isa = PBXBuildFile; fileRef = B5E33DF523B8F57600DA78B8 /* Main.storyboard */; };
		B5E33DF923B8F57A00DA78B8 /* Assets.xcassets in Resources */ = {isa = PBXBuildFile; fileRef = B5E33DF823B8F57A00DA78B8 /* Assets.xcassets */; };
		B5E33DFC23B8F57A00DA78B8 /* LaunchScreen.storyboard in Resources */ = {isa = PBXBuildFile; fileRef = B5E33DFA23B8F57A00DA78B8 /* LaunchScreen.storyboard */; };
		B5E33E0523B8F5BB00DA78B8 /* PaintViewController.swift in Sources */ = {isa = PBXBuildFile; fileRef = B5E33E0423B8F5BB00DA78B8 /* PaintViewController.swift */; };
		B5E33E0723B8F5D500DA78B8 /* MainViewController.swift in Sources */ = {isa = PBXBuildFile; fileRef = B5E33E0623B8F5D500DA78B8 /* MainViewController.swift */; };
		B5E33E0923B8F60000DA78B8 /* ResultViewController.swift in Sources */ = {isa = PBXBuildFile; fileRef = B5E33E0823B8F60000DA78B8 /* ResultViewController.swift */; };
		B5E33E0B23B8F61000DA78B8 /* ShareViewController.swift in Sources */ = {isa = PBXBuildFile; fileRef = B5E33E0A23B8F61000DA78B8 /* ShareViewController.swift */; };
		B5E33E1323C301B500DA78B8 /* ExampleLoginViewController.swift in Sources */ = {isa = PBXBuildFile; fileRef = B5E33E1223C301B500DA78B8 /* ExampleLoginViewController.swift */; };
		B5E33E1523C30F9300DA78B8 /* GoogleService-Info.plist in Resources */ = {isa = PBXBuildFile; fileRef = B5E33E1423C30F9300DA78B8 /* GoogleService-Info.plist */; };
		E898EB56767CEE2F087D56C0 /* Pods_Making4Comic.framework in Frameworks */ = {isa = PBXBuildFile; fileRef = 1AAE46612F4FCA82AA6324A2 /* Pods_Making4Comic.framework */; };
/* End PBXBuildFile section */

/* Begin PBXFileReference section */

		1AAE46612F4FCA82AA6324A2 /* Pods_Making4Comic.framework */ = {isa = PBXFileReference; explicitFileType = wrapper.framework; includeInIndex = 0; path = Pods_Making4Comic.framework; sourceTree = BUILT_PRODUCTS_DIR; };
		686551BD3B35D23FBA1351B9 /* Pods-Making4Comic.release.xcconfig */ = {isa = PBXFileReference; includeInIndex = 1; lastKnownFileType = text.xcconfig; name = "Pods-Making4Comic.release.xcconfig"; path = "Target Support Files/Pods-Making4Comic/Pods-Making4Comic.release.xcconfig"; sourceTree = "<group>"; };

		B526DEA023CD8C6F00BF8E91 /* PrepareViewController.swift */ = {isa = PBXFileReference; lastKnownFileType = sourcecode.swift; path = PrepareViewController.swift; sourceTree = "<group>"; };
		B526DEA223CDA25800BF8E91 /* Paint2ViewController.swift */ = {isa = PBXFileReference; lastKnownFileType = sourcecode.swift; path = Paint2ViewController.swift; sourceTree = "<group>"; };
		B526DEA423CDA26B00BF8E91 /* Paint3ViewController.swift */ = {isa = PBXFileReference; lastKnownFileType = sourcecode.swift; path = Paint3ViewController.swift; sourceTree = "<group>"; };
		B526DEA623CDA28000BF8E91 /* Paint4ViewController.swift */ = {isa = PBXFileReference; lastKnownFileType = sourcecode.swift; path = Paint4ViewController.swift; sourceTree = "<group>"; };

		B5E33DEC23B8F57600DA78B8 /* Making4Comic.app */ = {isa = PBXFileReference; explicitFileType = wrapper.application; includeInIndex = 0; path = Making4Comic.app; sourceTree = BUILT_PRODUCTS_DIR; };
		B5E33DEF23B8F57600DA78B8 /* AppDelegate.swift */ = {isa = PBXFileReference; lastKnownFileType = sourcecode.swift; path = AppDelegate.swift; sourceTree = "<group>"; };
		B5E33DF123B8F57600DA78B8 /* SceneDelegate.swift */ = {isa = PBXFileReference; lastKnownFileType = sourcecode.swift; path = SceneDelegate.swift; sourceTree = "<group>"; };
		B5E33DF623B8F57600DA78B8 /* Base */ = {isa = PBXFileReference; lastKnownFileType = file.storyboard; name = Base; path = Base.lproj/Main.storyboard; sourceTree = "<group>"; };
		B5E33DF823B8F57A00DA78B8 /* Assets.xcassets */ = {isa = PBXFileReference; lastKnownFileType = folder.assetcatalog; path = Assets.xcassets; sourceTree = "<group>"; };
		B5E33DFB23B8F57A00DA78B8 /* Base */ = {isa = PBXFileReference; lastKnownFileType = file.storyboard; name = Base; path = Base.lproj/LaunchScreen.storyboard; sourceTree = "<group>"; };
		B5E33DFD23B8F57A00DA78B8 /* Info.plist */ = {isa = PBXFileReference; lastKnownFileType = text.plist.xml; path = Info.plist; sourceTree = "<group>"; };
		B5E33E0423B8F5BB00DA78B8 /* PaintViewController.swift */ = {isa = PBXFileReference; lastKnownFileType = sourcecode.swift; path = PaintViewController.swift; sourceTree = "<group>"; };
		B5E33E0623B8F5D500DA78B8 /* MainViewController.swift */ = {isa = PBXFileReference; lastKnownFileType = sourcecode.swift; path = MainViewController.swift; sourceTree = "<group>"; };
		B5E33E0823B8F60000DA78B8 /* ResultViewController.swift */ = {isa = PBXFileReference; lastKnownFileType = sourcecode.swift; path = ResultViewController.swift; sourceTree = "<group>"; };
		B5E33E0A23B8F61000DA78B8 /* ShareViewController.swift */ = {isa = PBXFileReference; lastKnownFileType = sourcecode.swift; path = ShareViewController.swift; sourceTree = "<group>"; };
		B5E33E1223C301B500DA78B8 /* ExampleLoginViewController.swift */ = {isa = PBXFileReference; lastKnownFileType = sourcecode.swift; path = ExampleLoginViewController.swift; sourceTree = "<group>"; };
		B5E33E1423C30F9300DA78B8 /* GoogleService-Info.plist */ = {isa = PBXFileReference; lastKnownFileType = text.plist; path = "GoogleService-Info.plist"; sourceTree = SOURCE_ROOT; };
		EEFAB0277C9A64300FC2F0C2 /* Pods-Making4Comic.debug.xcconfig */ = {isa = PBXFileReference; includeInIndex = 1; lastKnownFileType = text.xcconfig; name = "Pods-Making4Comic.debug.xcconfig"; path = "Target Support Files/Pods-Making4Comic/Pods-Making4Comic.debug.xcconfig"; sourceTree = "<group>"; };
/* End PBXFileReference section */

/* Begin PBXFrameworksBuildPhase section */
		B5E33DE923B8F57600DA78B8 /* Frameworks */ = {
			isa = PBXFrameworksBuildPhase;
			buildActionMask = 2147483647;
			files = (
				E898EB56767CEE2F087D56C0 /* Pods_Making4Comic.framework in Frameworks */,
			);
			runOnlyForDeploymentPostprocessing = 0;
		};
/* End PBXFrameworksBuildPhase section */

/* Begin PBXGroup section */
		3826DF4444054132E502D859 /* Pods */ = {
			isa = PBXGroup;
			children = (
				EEFAB0277C9A64300FC2F0C2 /* Pods-Making4Comic.debug.xcconfig */,
				686551BD3B35D23FBA1351B9 /* Pods-Making4Comic.release.xcconfig */,
			);
			path = Pods;
			sourceTree = "<group>";
		};
		510D5580650A56F700420377 /* Frameworks */ = {
			isa = PBXGroup;
			children = (
				1AAE46612F4FCA82AA6324A2 /* Pods_Making4Comic.framework */,
			);
			name = Frameworks;
			sourceTree = "<group>";
		};
		B5E33DE323B8F57600DA78B8 = {
			isa = PBXGroup;
			children = (
				B5E33DEE23B8F57600DA78B8 /* Making4Comic */,
				B5E33DED23B8F57600DA78B8 /* Products */,
				3826DF4444054132E502D859 /* Pods */,
				510D5580650A56F700420377 /* Frameworks */,
			);
			sourceTree = "<group>";
		};
		B5E33DED23B8F57600DA78B8 /* Products */ = {
			isa = PBXGroup;
			children = (
				B5E33DEC23B8F57600DA78B8 /* Making4Comic.app */,
			);
			name = Products;
			sourceTree = "<group>";
		};
		B5E33DEE23B8F57600DA78B8 /* Making4Comic */ = {
			isa = PBXGroup;
			children = (
				B5E33E0323B8F59400DA78B8 /* Controllers */,
				B5E33DEF23B8F57600DA78B8 /* AppDelegate.swift */,
				B5E33DF123B8F57600DA78B8 /* SceneDelegate.swift */,
				B5E33DF523B8F57600DA78B8 /* Main.storyboard */,
				B5E33DF823B8F57A00DA78B8 /* Assets.xcassets */,
				B5E33DFA23B8F57A00DA78B8 /* LaunchScreen.storyboard */,
				B5E33DFD23B8F57A00DA78B8 /* Info.plist */,
				B5E33E1423C30F9300DA78B8 /* GoogleService-Info.plist */,
			);
			path = Making4Comic;
			sourceTree = "<group>";
		};
		B5E33E0323B8F59400DA78B8 /* Controllers */ = {
			isa = PBXGroup;
			children = (
				B526DEA023CD8C6F00BF8E91 /* PrepareViewController.swift */,
				B5E33E0423B8F5BB00DA78B8 /* PaintViewController.swift */,
				B526DEA223CDA25800BF8E91 /* Paint2ViewController.swift */,
				B526DEA423CDA26B00BF8E91 /* Paint3ViewController.swift */,
				B526DEA623CDA28000BF8E91 /* Paint4ViewController.swift */,
				B5E33E0623B8F5D500DA78B8 /* MainViewController.swift */,
				B5E33E0823B8F60000DA78B8 /* ResultViewController.swift */,
				B5E33E0A23B8F61000DA78B8 /* ShareViewController.swift */,
				B5E33E1223C301B500DA78B8 /* ExampleLoginViewController.swift */,
			);
			path = Controllers;
			sourceTree = "<group>";
		};
/* End PBXGroup section */

/* Begin PBXNativeTarget section */
		B5E33DEB23B8F57600DA78B8 /* Making4Comic */ = {
			isa = PBXNativeTarget;
			buildConfigurationList = B5E33E0023B8F57A00DA78B8 /* Build configuration list for PBXNativeTarget "Making4Comic" */;
			buildPhases = (
				B9602EF79028EBDE321D53A5 /* [CP] Check Pods Manifest.lock */,
				B5E33DE823B8F57600DA78B8 /* Sources */,
				B5E33DE923B8F57600DA78B8 /* Frameworks */,
				B5E33DEA23B8F57600DA78B8 /* Resources */,
				CC62EADAFEF5F3B33A030D3C /* [CP] Embed Pods Frameworks */,
			);
			buildRules = (
			);
			dependencies = (
			);
			name = Making4Comic;
			productName = Making4Comic;
			productReference = B5E33DEC23B8F57600DA78B8 /* Making4Comic.app */;
			productType = "com.apple.product-type.application";
		};
/* End PBXNativeTarget section */

/* Begin PBXProject section */
		B5E33DE423B8F57600DA78B8 /* Project object */ = {
			isa = PBXProject;
			attributes = {
				LastSwiftUpdateCheck = 1120;
				LastUpgradeCheck = 1120;
				ORGANIZATIONNAME = geshi;
				TargetAttributes = {
					B5E33DEB23B8F57600DA78B8 = {
						CreatedOnToolsVersion = 11.2;
					};
				};
			};
			buildConfigurationList = B5E33DE723B8F57600DA78B8 /* Build configuration list for PBXProject "Making4Comic" */;
			compatibilityVersion = "Xcode 9.3";
			developmentRegion = en;
			hasScannedForEncodings = 0;
			knownRegions = (
				en,
				Base,
			);
			mainGroup = B5E33DE323B8F57600DA78B8;
			productRefGroup = B5E33DED23B8F57600DA78B8 /* Products */;
			projectDirPath = "";
			projectRoot = "";
			targets = (
				B5E33DEB23B8F57600DA78B8 /* Making4Comic */,
			);
		};
/* End PBXProject section */

/* Begin PBXResourcesBuildPhase section */
		B5E33DEA23B8F57600DA78B8 /* Resources */ = {
			isa = PBXResourcesBuildPhase;
			buildActionMask = 2147483647;
			files = (
				B5E33DFC23B8F57A00DA78B8 /* LaunchScreen.storyboard in Resources */,
				B5E33E1523C30F9300DA78B8 /* GoogleService-Info.plist in Resources */,
				B5E33DF923B8F57A00DA78B8 /* Assets.xcassets in Resources */,
				B5E33DF723B8F57600DA78B8 /* Main.storyboard in Resources */,
			);
			runOnlyForDeploymentPostprocessing = 0;
		};
/* End PBXResourcesBuildPhase section */

/* Begin PBXShellScriptBuildPhase section */
		B9602EF79028EBDE321D53A5 /* [CP] Check Pods Manifest.lock */ = {
			isa = PBXShellScriptBuildPhase;
			buildActionMask = 2147483647;
			files = (
			);
			inputFileListPaths = (
			);
			inputPaths = (
				"${PODS_PODFILE_DIR_PATH}/Podfile.lock",
				"${PODS_ROOT}/Manifest.lock",
			);
			name = "[CP] Check Pods Manifest.lock";
			outputFileListPaths = (
			);
			outputPaths = (
				"$(DERIVED_FILE_DIR)/Pods-Making4Comic-checkManifestLockResult.txt",
			);
			runOnlyForDeploymentPostprocessing = 0;
			shellPath = /bin/sh;
			shellScript = "diff \"${PODS_PODFILE_DIR_PATH}/Podfile.lock\" \"${PODS_ROOT}/Manifest.lock\" > /dev/null\nif [ $? != 0 ] ; then\n    # print error to STDERR\n    echo \"error: The sandbox is not in sync with the Podfile.lock. Run 'pod install' or update your CocoaPods installation.\" >&2\n    exit 1\nfi\n# This output is used by Xcode 'outputs' to avoid re-running this script phase.\necho \"SUCCESS\" > \"${SCRIPT_OUTPUT_FILE_0}\"\n";
			showEnvVarsInLog = 0;
		};
		CC62EADAFEF5F3B33A030D3C /* [CP] Embed Pods Frameworks */ = {
			isa = PBXShellScriptBuildPhase;
			buildActionMask = 2147483647;
			files = (
			);
			inputFileListPaths = (
				"${PODS_ROOT}/Target Support Files/Pods-Making4Comic/Pods-Making4Comic-frameworks-${CONFIGURATION}-input-files.xcfilelist",
			);
			name = "[CP] Embed Pods Frameworks";
			outputFileListPaths = (
				"${PODS_ROOT}/Target Support Files/Pods-Making4Comic/Pods-Making4Comic-frameworks-${CONFIGURATION}-output-files.xcfilelist",
			);
			runOnlyForDeploymentPostprocessing = 0;
			shellPath = /bin/sh;
			shellScript = "\"${PODS_ROOT}/Target Support Files/Pods-Making4Comic/Pods-Making4Comic-frameworks.sh\"\n";
			showEnvVarsInLog = 0;
		};
/* End PBXShellScriptBuildPhase section */

/* Begin PBXSourcesBuildPhase section */
		B5E33DE823B8F57600DA78B8 /* Sources */ = {
			isa = PBXSourcesBuildPhase;
			buildActionMask = 2147483647;
			files = (
				B526DEA123CD8C6F00BF8E91 /* PrepareViewController.swift in Sources */,
				B5E33E0B23B8F61000DA78B8 /* ShareViewController.swift in Sources */,
				B526DEA323CDA25800BF8E91 /* Paint2ViewController.swift in Sources */,
				B5E33DF023B8F57600DA78B8 /* AppDelegate.swift in Sources */,
				B5E33DF223B8F57600DA78B8 /* SceneDelegate.swift in Sources */,
				B5E33E0523B8F5BB00DA78B8 /* PaintViewController.swift in Sources */,

				B5E33E1323C301B500DA78B8 /* ExampleLoginViewController.swift in Sources */,

				B526DEA723CDA28000BF8E91 /* Paint4ViewController.swift in Sources */,
				B526DEA523CDA26B00BF8E91 /* Paint3ViewController.swift in Sources */,

				B5E33E0723B8F5D500DA78B8 /* MainViewController.swift in Sources */,
				B5E33E0923B8F60000DA78B8 /* ResultViewController.swift in Sources */,
			);
			runOnlyForDeploymentPostprocessing = 0;
		};
/* End PBXSourcesBuildPhase section */

/* Begin PBXVariantGroup section */
		B5E33DF523B8F57600DA78B8 /* Main.storyboard */ = {
			isa = PBXVariantGroup;
			children = (
				B5E33DF623B8F57600DA78B8 /* Base */,
			);
			name = Main.storyboard;
			sourceTree = "<group>";
		};
		B5E33DFA23B8F57A00DA78B8 /* LaunchScreen.storyboard */ = {
			isa = PBXVariantGroup;
			children = (
				B5E33DFB23B8F57A00DA78B8 /* Base */,
			);
			name = LaunchScreen.storyboard;
			sourceTree = "<group>";
		};
/* End PBXVariantGroup section */

/* Begin XCBuildConfiguration section */
		B5E33DFE23B8F57A00DA78B8 /* Debug */ = {
			isa = XCBuildConfiguration;
			buildSettings = {
				ALWAYS_SEARCH_USER_PATHS = NO;
				CLANG_ANALYZER_NONNULL = YES;
				CLANG_ANALYZER_NUMBER_OBJECT_CONVERSION = YES_AGGRESSIVE;
				CLANG_CXX_LANGUAGE_STANDARD = "gnu++14";
				CLANG_CXX_LIBRARY = "libc++";
				CLANG_ENABLE_MODULES = YES;
				CLANG_ENABLE_OBJC_ARC = YES;
				CLANG_ENABLE_OBJC_WEAK = YES;
				CLANG_WARN_BLOCK_CAPTURE_AUTORELEASING = YES;
				CLANG_WARN_BOOL_CONVERSION = YES;
				CLANG_WARN_COMMA = YES;
				CLANG_WARN_CONSTANT_CONVERSION = YES;
				CLANG_WARN_DEPRECATED_OBJC_IMPLEMENTATIONS = YES;
				CLANG_WARN_DIRECT_OBJC_ISA_USAGE = YES_ERROR;
				CLANG_WARN_DOCUMENTATION_COMMENTS = YES;
				CLANG_WARN_EMPTY_BODY = YES;
				CLANG_WARN_ENUM_CONVERSION = YES;
				CLANG_WARN_INFINITE_RECURSION = YES;
				CLANG_WARN_INT_CONVERSION = YES;
				CLANG_WARN_NON_LITERAL_NULL_CONVERSION = YES;
				CLANG_WARN_OBJC_IMPLICIT_RETAIN_SELF = YES;
				CLANG_WARN_OBJC_LITERAL_CONVERSION = YES;
				CLANG_WARN_OBJC_ROOT_CLASS = YES_ERROR;
				CLANG_WARN_RANGE_LOOP_ANALYSIS = YES;
				CLANG_WARN_STRICT_PROTOTYPES = YES;
				CLANG_WARN_SUSPICIOUS_MOVE = YES;
				CLANG_WARN_UNGUARDED_AVAILABILITY = YES_AGGRESSIVE;
				CLANG_WARN_UNREACHABLE_CODE = YES;
				CLANG_WARN__DUPLICATE_METHOD_MATCH = YES;
				COPY_PHASE_STRIP = NO;
				DEBUG_INFORMATION_FORMAT = dwarf;
				ENABLE_STRICT_OBJC_MSGSEND = YES;
				ENABLE_TESTABILITY = YES;
				GCC_C_LANGUAGE_STANDARD = gnu11;
				GCC_DYNAMIC_NO_PIC = NO;
				GCC_NO_COMMON_BLOCKS = YES;
				GCC_OPTIMIZATION_LEVEL = 0;
				GCC_PREPROCESSOR_DEFINITIONS = (
					"DEBUG=1",
					"$(inherited)",
				);
				GCC_WARN_64_TO_32_BIT_CONVERSION = YES;
				GCC_WARN_ABOUT_RETURN_TYPE = YES_ERROR;
				GCC_WARN_UNDECLARED_SELECTOR = YES;
				GCC_WARN_UNINITIALIZED_AUTOS = YES_AGGRESSIVE;
				GCC_WARN_UNUSED_FUNCTION = YES;
				GCC_WARN_UNUSED_VARIABLE = YES;
				IPHONEOS_DEPLOYMENT_TARGET = 13.2;
				MTL_ENABLE_DEBUG_INFO = INCLUDE_SOURCE;
				MTL_FAST_MATH = YES;
				ONLY_ACTIVE_ARCH = YES;
				SDKROOT = iphoneos;
				SWIFT_ACTIVE_COMPILATION_CONDITIONS = DEBUG;
				SWIFT_OPTIMIZATION_LEVEL = "-Onone";
			};
			name = Debug;
		};
		B5E33DFF23B8F57A00DA78B8 /* Release */ = {
			isa = XCBuildConfiguration;
			buildSettings = {
				ALWAYS_SEARCH_USER_PATHS = NO;
				CLANG_ANALYZER_NONNULL = YES;
				CLANG_ANALYZER_NUMBER_OBJECT_CONVERSION = YES_AGGRESSIVE;
				CLANG_CXX_LANGUAGE_STANDARD = "gnu++14";
				CLANG_CXX_LIBRARY = "libc++";
				CLANG_ENABLE_MODULES = YES;
				CLANG_ENABLE_OBJC_ARC = YES;
				CLANG_ENABLE_OBJC_WEAK = YES;
				CLANG_WARN_BLOCK_CAPTURE_AUTORELEASING = YES;
				CLANG_WARN_BOOL_CONVERSION = YES;
				CLANG_WARN_COMMA = YES;
				CLANG_WARN_CONSTANT_CONVERSION = YES;
				CLANG_WARN_DEPRECATED_OBJC_IMPLEMENTATIONS = YES;
				CLANG_WARN_DIRECT_OBJC_ISA_USAGE = YES_ERROR;
				CLANG_WARN_DOCUMENTATION_COMMENTS = YES;
				CLANG_WARN_EMPTY_BODY = YES;
				CLANG_WARN_ENUM_CONVERSION = YES;
				CLANG_WARN_INFINITE_RECURSION = YES;
				CLANG_WARN_INT_CONVERSION = YES;
				CLANG_WARN_NON_LITERAL_NULL_CONVERSION = YES;
				CLANG_WARN_OBJC_IMPLICIT_RETAIN_SELF = YES;
				CLANG_WARN_OBJC_LITERAL_CONVERSION = YES;
				CLANG_WARN_OBJC_ROOT_CLASS = YES_ERROR;
				CLANG_WARN_RANGE_LOOP_ANALYSIS = YES;
				CLANG_WARN_STRICT_PROTOTYPES = YES;
				CLANG_WARN_SUSPICIOUS_MOVE = YES;
				CLANG_WARN_UNGUARDED_AVAILABILITY = YES_AGGRESSIVE;
				CLANG_WARN_UNREACHABLE_CODE = YES;
				CLANG_WARN__DUPLICATE_METHOD_MATCH = YES;
				COPY_PHASE_STRIP = NO;
				DEBUG_INFORMATION_FORMAT = "dwarf-with-dsym";
				ENABLE_NS_ASSERTIONS = NO;
				ENABLE_STRICT_OBJC_MSGSEND = YES;
				GCC_C_LANGUAGE_STANDARD = gnu11;
				GCC_NO_COMMON_BLOCKS = YES;
				GCC_WARN_64_TO_32_BIT_CONVERSION = YES;
				GCC_WARN_ABOUT_RETURN_TYPE = YES_ERROR;
				GCC_WARN_UNDECLARED_SELECTOR = YES;
				GCC_WARN_UNINITIALIZED_AUTOS = YES_AGGRESSIVE;
				GCC_WARN_UNUSED_FUNCTION = YES;
				GCC_WARN_UNUSED_VARIABLE = YES;
				IPHONEOS_DEPLOYMENT_TARGET = 13.2;
				MTL_ENABLE_DEBUG_INFO = NO;
				MTL_FAST_MATH = YES;
				SDKROOT = iphoneos;
				SWIFT_COMPILATION_MODE = wholemodule;
				SWIFT_OPTIMIZATION_LEVEL = "-O";
				VALIDATE_PRODUCT = YES;
			};
			name = Release;
		};
		B5E33E0123B8F57A00DA78B8 /* Debug */ = {
			isa = XCBuildConfiguration;
			baseConfigurationReference = EEFAB0277C9A64300FC2F0C2 /* Pods-Making4Comic.debug.xcconfig */;
			buildSettings = {
				ASSETCATALOG_COMPILER_APPICON_NAME = AppIcon;
				CODE_SIGN_STYLE = Automatic;
				DEVELOPMENT_TEAM = RYLN77KXTR;
				INFOPLIST_FILE = Making4Comic/Info.plist;
				LD_RUNPATH_SEARCH_PATHS = (
					"$(inherited)",
					"@executable_path/Frameworks",
				);
				PRODUCT_BUNDLE_IDENTIFIER = com.comic.Making4Comics;
				PRODUCT_NAME = "$(TARGET_NAME)";
				SWIFT_VERSION = 5.0;
				TARGETED_DEVICE_FAMILY = "1,2";
			};
			name = Debug;
		};
		B5E33E0223B8F57A00DA78B8 /* Release */ = {
			isa = XCBuildConfiguration;
			baseConfigurationReference = 686551BD3B35D23FBA1351B9 /* Pods-Making4Comic.release.xcconfig */;
			buildSettings = {
				ASSETCATALOG_COMPILER_APPICON_NAME = AppIcon;
				CODE_SIGN_STYLE = Automatic;
				DEVELOPMENT_TEAM = RYLN77KXTR;
				INFOPLIST_FILE = Making4Comic/Info.plist;
				LD_RUNPATH_SEARCH_PATHS = (
					"$(inherited)",
					"@executable_path/Frameworks",
				);
				PRODUCT_BUNDLE_IDENTIFIER = com.comic.Making4Comics;
				PRODUCT_NAME = "$(TARGET_NAME)";
				SWIFT_VERSION = 5.0;
				TARGETED_DEVICE_FAMILY = "1,2";
			};
			name = Release;
		};
/* End XCBuildConfiguration section */

/* Begin XCConfigurationList section */
		B5E33DE723B8F57600DA78B8 /* Build configuration list for PBXProject "Making4Comic" */ = {
			isa = XCConfigurationList;
			buildConfigurations = (
				B5E33DFE23B8F57A00DA78B8 /* Debug */,
				B5E33DFF23B8F57A00DA78B8 /* Release */,
			);
			defaultConfigurationIsVisible = 0;
			defaultConfigurationName = Release;
		};
		B5E33E0023B8F57A00DA78B8 /* Build configuration list for PBXNativeTarget "Making4Comic" */ = {
			isa = XCConfigurationList;
			buildConfigurations = (
				B5E33E0123B8F57A00DA78B8 /* Debug */,
				B5E33E0223B8F57A00DA78B8 /* Release */,
			);
			defaultConfigurationIsVisible = 0;
			defaultConfigurationName = Release;
		};
/* End XCConfigurationList section */
	};
	rootObject = B5E33DE423B8F57600DA78B8 /* Project object */;
}
